{
  "name": "actv7",
  "version": "1.0.0",
  "lockfileVersion": 2,
  "requires": true,
  "packages": {
    "": {
      "name": "actv7",
      "version": "1.0.0",
      "license": "ISC",
      "dependencies": {
        "path": "^0.12.7",
        "simple-hashtable": "^1.0.1"
      }
    },
    "node_modules/inherits": {
      "version": "2.0.3",
      "resolved": "https://registry.npmjs.org/inherits/-/inherits-2.0.3.tgz",
      "integrity": "sha1-Yzwsg+PaQqUC9SRmAiSA9CCCYd4="
    },
    "node_modules/lodash.includes": {
      "version": "4.3.0",
      "resolved": "https://registry.npmjs.org/lodash.includes/-/lodash.includes-4.3.0.tgz",
      "integrity": "sha1-YLuYqHy5I8aMoeUTJUgzFISfVT8="
    },
    "node_modules/lodash.isequal": {
      "version": "4.5.0",
      "resolved": "https://registry.npmjs.org/lodash.isequal/-/lodash.isequal-4.5.0.tgz",
      "integrity": "sha1-QVxEePK8wwEgwizhDtMib30+GOA="
    },
    "node_modules/path": {
      "version": "0.12.7",
      "resolved": "https://registry.npmjs.org/path/-/path-0.12.7.tgz",
      "integrity": "sha1-1NwqUGxM4hl+tIHr/NWzbAFAsQ8=",
      "dependencies": {
        "process": "^0.11.1",
        "util": "^0.10.3"
      }
    },
    "node_modules/process": {
      "version": "0.11.10",
      "resolved": "https://registry.npmjs.org/process/-/process-0.11.10.tgz",
      "integrity": "sha1-czIwDoQBYb2j5podHZGn1LwW8YI=",
      "engines": {
        "node": ">= 0.6.0"
      }
    },
    "node_modules/simple-hashtable": {
      "version": "1.0.1",
      "resolved": "https://registry.npmjs.org/simple-hashtable/-/simple-hashtable-1.0.1.tgz",
      "integrity": "sha512-zQDuJocUVRqqfdlaEtoV4LD1NnCKuZxbh3Pp93NrxFScXqR32IsYuolo+tVyg6W1S1Z0rXfNqjlp+L+4/1/QuA==",
      "dependencies": {
        "lodash.includes": "4.3.0",
        "lodash.isequal": "4.5.0",
        "singly-linked-list": "1.4.1"
      }
    },
    "node_modules/singly-linked-list": {
      "version": "1.4.1",
      "resolved": "https://registry.npmjs.org/singly-linked-list/-/singly-linked-list-1.4.1.tgz",
      "integrity": "sha512-ELPCUOXWiqTdHc2FSmnvYfA0UjqVJVm2UZ4VMX0boWjWxdN8MVfr3iS1ALeJMcOuFkt4FwNXii4rsN9+LoWmrw==",
      "dependencies": {
        "lodash.isequal": "4.5.0"
      }
    },
    "node_modules/util": {
      "version": "0.10.4",
      "resolved": "https://registry.npmjs.org/util/-/util-0.10.4.tgz",
      "integrity": "sha512-0Pm9hTQ3se5ll1XihRic3FDIku70C+iHUdT/W926rSgHV5QgXsYbKZN8MSC3tJtSkhuROzvsQjAaFENRXr+19A==",
      "dependencies": {
        "inherits": "2.0.3"
      }
    }
  },
  "dependencies": {
    "inherits": {
      "version": "2.0.3",
      "resolved": "https://registry.npmjs.org/inherits/-/inherits-2.0.3.tgz",
      "integrity": "sha1-Yzwsg+PaQqUC9SRmAiSA9CCCYd4="
    },
    "lodash.includes": {
      "version": "4.3.0",
      "resolved": "https://registry.npmjs.org/lodash.includes/-/lodash.includes-4.3.0.tgz",
      "integrity": "sha1-YLuYqHy5I8aMoeUTJUgzFISfVT8="
    },
    "lodash.isequal": {
      "version": "4.5.0",
      "resolved": "https://registry.npmjs.org/lodash.isequal/-/lodash.isequal-4.5.0.tgz",
      "integrity": "sha1-QVxEePK8wwEgwizhDtMib30+GOA="
    },
    "path": {
      "version": "0.12.7",
      "resolved": "https://registry.npmjs.org/path/-/path-0.12.7.tgz",
      "integrity": "sha1-1NwqUGxM4hl+tIHr/NWzbAFAsQ8=",
      "requires": {
        "process": "^0.11.1",
        "util": "^0.10.3"
      }
    },
    "process": {
      "version": "0.11.10",
      "resolved": "https://registry.npmjs.org/process/-/process-0.11.10.tgz",
      "integrity": "sha1-czIwDoQBYb2j5podHZGn1LwW8YI="
    },
    "simple-hashtable": {
      "version": "1.0.1",
      "resolved": "https://registry.npmjs.org/simple-hashtable/-/simple-hashtable-1.0.1.tgz",
      "integrity": "sha512-zQDuJocUVRqqfdlaEtoV4LD1NnCKuZxbh3Pp93NrxFScXqR32IsYuolo+tVyg6W1S1Z0rXfNqjlp+L+4/1/QuA==",
      "requires": {
        "lodash.includes": "4.3.0",
        "lodash.isequal": "4.5.0",
        "singly-linked-list": "1.4.1"
      }
    },
    "singly-linked-list": {
      "version": "1.4.1",
      "resolved": "https://registry.npmjs.org/singly-linked-list/-/singly-linked-list-1.4.1.tgz",
      "integrity": "sha512-ELPCUOXWiqTdHc2FSmnvYfA0UjqVJVm2UZ4VMX0boWjWxdN8MVfr3iS1ALeJMcOuFkt4FwNXii4rsN9+LoWmrw==",
      "requires": {
        "lodash.isequal": "4.5.0"
      }
    },
    "util": {
      "version": "0.10.4",
      "resolved": "https://registry.npmjs.org/util/-/util-0.10.4.tgz",
      "integrity": "sha512-0Pm9hTQ3se5ll1XihRic3FDIku70C+iHUdT/W926rSgHV5QgXsYbKZN8MSC3tJtSkhuROzvsQjAaFENRXr+19A==",
      "requires": {
        "inherits": "2.0.3"
      }
    }
  }
}
